
Microsoft Visual Studio Solution File, Format Version 12.00
# Visual Studio Version 17
VisualStudioVersion = 17.14.36623.8 d17.14
MinimumVisualStudioVersion = 10.0.40219.1
Project("{FAE04EC0-301F-11D3-BF4B-00C04F79EFBC}") = "CampusNet", "CampusNet.csproj", "{14D7E4C1-FF7A-481F-AA4C-8EB34CC104B5}"
EndProject
Global
	GlobalSection(SolutionConfigurationPlatforms) = preSolution
		Debug|Any CPU = Debug|Any CPU
		Release|Any CPU = Release|Any CPU
	EndGlobalSection
	GlobalSection(ProjectConfigurationPlatforms) = postSolution
		{14D7E4C1-FF7A-481F-AA4C-8EB34CC104B5}.Debug|Any CPU.ActiveCfg = Debug|Any CPU
		{14D7E4C1-FF7A-481F-AA4C-8EB34CC104B5}.Debug|Any CPU.Build.0 = Debug|Any CPU
		{14D7E4C1-FF7A-481F-AA4C-8EB34CC104B5}.Release|Any CPU.ActiveCfg = Release|Any CPU
		{14D7E4C1-FF7A-481F-AA4C-8EB34CC104B5}.Release|Any CPU.Build.0 = Release|Any CPU
	EndGlobalSection
	GlobalSection(SolutionProperties) = preSolution
		HideSolutionNode = FALSE
	EndGlobalSection
	GlobalSection(ExtensibilityGlobals) = postSolution
		SolutionGuid = {F68FEA7D-4C04-435A-8324-EB4D963FA02B}
	EndGlobalSection
EndGlobal
